
Microsoft Visual Studio Solution File, Format Version 12.00
# Visual Studio Version 17
VisualStudioVersion = 17.14.36811.4
MinimumVisualStudioVersion = 10.0.40219.1
Project("{FAE04EC0-301F-11D3-BF4B-00C04F79EFBC}") = "01-thread-basics", "01-thread-basics\01-thread-basics.csproj", "{005B5899-C18F-46A6-9CBB-ADB407AFE1EC}"
EndProject
Project("{FAE04EC0-301F-11D3-BF4B-00C04F79EFBC}") = "02-multi-threads", "02-multi-threads\02-multi-threads.csproj", "{EAF8CB64-ED6C-4BE9-A6C1-60C2E5E304C8}"
EndProject
Project("{FAE04EC0-301F-11D3-BF4B-00C04F79EFBC}") = "03-multi-threads", "03-multi-threads\03-multi-threads.csproj", "{DF2420C1-4D47-420B-BC0A-D3F19A76C0D2}"
EndProject
Project("{FAE04EC0-301F-11D3-BF4B-00C04F79EFBC}") = "04-web-server-simulator", "04-web-server-simulator\04-web-server-simulator.csproj", "{EAA56F30-EE1E-4B91-9AA3-4D609F383929}"
EndProject
Project("{FAE04EC0-301F-11D3-BF4B-00C04F79EFBC}") = "05-thread-synchronization", "05-thread-synchronization\05-thread-synchronization.csproj", "{67A9BCBC-46D1-4F32-B3C0-DAB7A8069D0A}"
EndProject
Project("{FAE04EC0-301F-11D3-BF4B-00C04F79EFBC}") = "06-airplane-seat-booking", "06-airplane-seat-booking\06-airplane-seat-booking.csproj", "{279E0359-3464-4482-915C-E91804681371}"
EndProject
Project("{FAE04EC0-301F-11D3-BF4B-00C04F79EFBC}") = "07-global-mutex", "07-global-mutex\07-global-mutex.csproj", "{3C53281B-DAFD-4F4B-B2ED-FE130C7FF460}"
EndProject
Project("{FAE04EC0-301F-11D3-BF4B-00C04F79EFBC}") = "08-reader-writer-lock", "08-reader-writer-lock\08-reader-writer-lock.csproj", "{FEC4193B-73FC-456E-B0E8-5AC7D6999ACF}"
EndProject
Global
	GlobalSection(SolutionConfigurationPlatforms) = preSolution
		Debug|Any CPU = Debug|Any CPU
		Release|Any CPU = Release|Any CPU
	EndGlobalSection
	GlobalSection(ProjectConfigurationPlatforms) = postSolution
		{005B5899-C18F-46A6-9CBB-ADB407AFE1EC}.Debug|Any CPU.ActiveCfg = Debug|Any CPU
		{005B5899-C18F-46A6-9CBB-ADB407AFE1EC}.Debug|Any CPU.Build.0 = Debug|Any CPU
		{005B5899-C18F-46A6-9CBB-ADB407AFE1EC}.Release|Any CPU.ActiveCfg = Release|Any CPU
		{005B5899-C18F-46A6-9CBB-ADB407AFE1EC}.Release|Any CPU.Build.0 = Release|Any CPU
		{EAF8CB64-ED6C-4BE9-A6C1-60C2E5E304C8}.Debug|Any CPU.ActiveCfg = Debug|Any CPU
		{EAF8CB64-ED6C-4BE9-A6C1-60C2E5E304C8}.Debug|Any CPU.Build.0 = Debug|Any CPU
		{EAF8CB64-ED6C-4BE9-A6C1-60C2E5E304C8}.Release|Any CPU.ActiveCfg = Release|Any CPU
		{EAF8CB64-ED6C-4BE9-A6C1-60C2E5E304C8}.Release|Any CPU.Build.0 = Release|Any CPU
		{DF2420C1-4D47-420B-BC0A-D3F19A76C0D2}.Debug|Any CPU.ActiveCfg = Debug|Any CPU
		{DF2420C1-4D47-420B-BC0A-D3F19A76C0D2}.Debug|Any CPU.Build.0 = Debug|Any CPU
		{DF2420C1-4D47-420B-BC0A-D3F19A76C0D2}.Release|Any CPU.ActiveCfg = Release|Any CPU
		{DF2420C1-4D47-420B-BC0A-D3F19A76C0D2}.Release|Any CPU.Build.0 = Release|Any CPU
		{EAA56F30-EE1E-4B91-9AA3-4D609F383929}.Debug|Any CPU.ActiveCfg = Debug|Any CPU
		{EAA56F30-EE1E-4B91-9AA3-4D609F383929}.Debug|Any CPU.Build.0 = Debug|Any CPU
		{EAA56F30-EE1E-4B91-9AA3-4D609F383929}.Release|Any CPU.ActiveCfg = Release|Any CPU
		{EAA56F30-EE1E-4B91-9AA3-4D609F383929}.Release|Any CPU.Build.0 = Release|Any CPU
		{67A9BCBC-46D1-4F32-B3C0-DAB7A8069D0A}.Debug|Any CPU.ActiveCfg = Debug|Any CPU
		{67A9BCBC-46D1-4F32-B3C0-DAB7A8069D0A}.Debug|Any CPU.Build.0 = Debug|Any CPU
		{67A9BCBC-46D1-4F32-B3C0-DAB7A8069D0A}.Release|Any CPU.ActiveCfg = Release|Any CPU
		{67A9BCBC-46D1-4F32-B3C0-DAB7A8069D0A}.Release|Any CPU.Build.0 = Release|Any CPU
		{279E0359-3464-4482-915C-E91804681371}.Debug|Any CPU.ActiveCfg = Debug|Any CPU
		{279E0359-3464-4482-915C-E91804681371}.Debug|Any CPU.Build.0 = Debug|Any CPU
		{279E0359-3464-4482-915C-E91804681371}.Release|Any CPU.ActiveCfg = Release|Any CPU
		{279E0359-3464-4482-915C-E91804681371}.Release|Any CPU.Build.0 = Release|Any CPU
		{3C53281B-DAFD-4F4B-B2ED-FE130C7FF460}.Debug|Any CPU.ActiveCfg = Debug|Any CPU
		{3C53281B-DAFD-4F4B-B2ED-FE130C7FF460}.Debug|Any CPU.Build.0 = Debug|Any CPU
		{3C53281B-DAFD-4F4B-B2ED-FE130C7FF460}.Release|Any CPU.ActiveCfg = Release|Any CPU
		{3C53281B-DAFD-4F4B-B2ED-FE130C7FF460}.Release|Any CPU.Build.0 = Release|Any CPU
		{FEC4193B-73FC-456E-B0E8-5AC7D6999ACF}.Debug|Any CPU.ActiveCfg = Debug|Any CPU
		{FEC4193B-73FC-456E-B0E8-5AC7D6999ACF}.Debug|Any CPU.Build.0 = Debug|Any CPU
		{FEC4193B-73FC-456E-B0E8-5AC7D6999ACF}.Release|Any CPU.ActiveCfg = Release|Any CPU
		{FEC4193B-73FC-456E-B0E8-5AC7D6999ACF}.Release|Any CPU.Build.0 = Release|Any CPU
	EndGlobalSection
	GlobalSection(SolutionProperties) = preSolution
		HideSolutionNode = FALSE
	EndGlobalSection
	GlobalSection(ExtensibilityGlobals) = postSolution
		SolutionGuid = {847FB712-3FAB-4EED-A754-03858B1C0727}
	EndGlobalSection
EndGlobal
